<?xml version="1.0" encoding="utf-8"?>
<Project ToolsVersion="4.0" xmlns="http://schemas.microsoft.com/developer/msbuild/2003">
  <ItemGroup>
    <Filter Include="Source Files">
      <UniqueIdentifier>{4FC737F1-C7A5-4376-A066-2A32D752A2FF}</UniqueIdentifier>
      <Extensions>cpp;c;cc;cxx;c++;cppm;ixx;def;odl;idl;hpj;bat;asm;asmx</Extensions>
    </Filter>
    <Filter Include="Header Files">
      <UniqueIdentifier>{93995380-89BD-4b04-88EB-625FBE52EBFB}</UniqueIdentifier>
      <Extensions>h;hh;hpp;hxx;h++;hm;inl;inc;ipp;xsd</Extensions>
    </Filter>
    <Filter Include="Resource Files">
      <UniqueIdentifier>{67DA6AB6-F800-4c08-8B7A-83BB121AAD01}</UniqueIdentifier>
      <Extensions>rc;ico;cur;bmp;dlg;rc2;rct;bin;rgs;gif;jpg;jpeg;jpe;resx;tiff;tif;png;wav;mfcribbon-ms</Extensions>
    </Filter>
    <Filter Include="Header Files\Graphics">
      <UniqueIdentifier>{5e94a52c-3ce6-4103-9eb0-bd2414ecf095}</UniqueIdentifier>
    </Filter>
    <Filter Include="Header Files\Core">
      <UniqueIdentifier>{f005d40f-7ad6-4833-a54a-e78e687765f8}</UniqueIdentifier>
    </Filter>
    <Filter Include="Header Files\Simulator">
      <UniqueIdentifier>{de3a2ae9-1461-42f4-99e0-db6996fbc851}</UniqueIdentifier>
    </Filter>
    <Filter Include="Source Files\Simulator">
      <UniqueIdentifier>{309c2a2f-715c-4212-b8fd-d59170fe00ec}</UniqueIdentifier>
    </Filter>
    <Filter Include="Source Files\Core">
      <UniqueIdentifier>{5bcd12f9-8fa7-46e8-aa48-3f163a722013}</UniqueIdentifier>
    </Filter>
    <Filter Include="Source Files\Graphics">
      <UniqueIdentifier>{675ac100-b056-426f-9ff3-563edd1394a5}</UniqueIdentifier>
    </Filter>
  </ItemGroup>
  <ItemGroup>
    <ClInclude Include="include\graphics\shader.h">
      <Filter>Header Files\Graphics</Filter>
    </ClInclude>
    <ClInclude Include="include\graphics\shape.h">
      <Filter>Header Files\Graphics</Filter>
    </ClInclude>
    <ClInclude Include="include\graphics\camera.h">
      <Filter>Header Files\Graphics</Filter>
    </ClInclude>
    <ClInclude Include="include\graphics\renderer.h">
      <Filter>Header Files\Graphics</Filter>
    </ClInclude>
    <ClInclude Include="include\physics\detector.h">
      <Filter>Header Files\Core</Filter>
    </ClInclude>
    <ClInclude Include="include\physics\matrix3.h">
      <Filter>Header Files\Core</Filter>
    </ClInclude>
    <ClInclude Include="include\physics\matrix4.h">
      <Filter>Header Files\Core</Filter>
    </ClInclude>
    <ClInclude Include="include\physics\quaternion.h">
      <Filter>Header Files\Core</Filter>
    </ClInclude>
    <ClInclude Include="include\physics\resolver.h">
      <Filter>Header Files\Core</Filter>
    </ClInclude>
    <ClInclude Include="include\physics\Vector.h">
      <Filter>Header Files\Core</Filter>
    </ClInclude>
    <ClInclude Include="include\physics\body.h">
      <Filter>Header Files\Core</Filter>
    </ClInclude>
    <ClInclude Include="include\physics\contact.h">
      <Filter>Header Files\Core</Filter>
    </ClInclude>
    <ClInclude Include="include\graphics\imageID.h">
      <Filter>Header Files\Graphics</Filter>
    </ClInclude>
    <ClInclude Include="include\physics\objectManager.h">
      <Filter>Header Files\Core</Filter>
    </ClInclude>
    <ClInclude Include="include\physics\math.h">
      <Filter>Header Files\Core</Filter>
    </ClInclude>
    <ClInclude Include="include\collisionSimulator\collisionSimulatorInfo.h">
      <Filter>Header Files\Simulator</Filter>
    </ClInclude>
    <ClInclude Include="include\collisionSimulator\contact_info.h">
      <Filter>Header Files\Simulator</Filter>
    </ClInclude>
    <ClInclude Include="include\collisionSimulator\geometry.h">
      <Filter>Header Files\Simulator</Filter>
    </ClInclude>
    <ClInclude Include="include\collisionSimulator\object.h">
      <Filter>Header Files\Simulator</Filter>
    </ClInclude>
    <ClInclude Include="include\collisionSimulator\collisionSimulator.h">
      <Filter>Header Files\Simulator</Filter>
    </ClInclude>
  </ItemGroup>
  <ItemGroup>
    <ClCompile Include="src\graphics\renderer.cpp">
      <Filter>Source Files\Graphics</Filter>
    </ClCompile>
    <ClCompile Include="src\graphics\shader.cpp">
      <Filter>Source Files\Graphics</Filter>
    </ClCompile>
    <ClCompile Include="src\graphics\shape.cpp">
      <Filter>Source Files\Graphics</Filter>
    </ClCompile>
    <ClCompile Include="src\graphics\camera.cpp">
      <Filter>Source Files\Graphics</Filter>
    </ClCompile>
    <ClCompile Include="src\graphics\glad.c">
      <Filter>Source Files\Graphics</Filter>
    </ClCompile>
    <ClCompile Include="src\physics\matrix3.cpp">
      <Filter>Source Files\Core</Filter>
    </ClCompile>
    <ClCompile Include="src\physics\matrix4.cpp">
      <Filter>Source Files\Core</Filter>
    </ClCompile>
    <ClCompile Include="src\physics\quaternion.cpp">
      <Filter>Source Files\Core</Filter>
    </ClCompile>
    <ClCompile Include="src\physics\resolver.cpp">
      <Filter>Source Files\Core</Filter>
    </ClCompile>
    <ClCompile Include="src\physics\Vector.cpp">
      <Filter>Source Files\Core</Filter>
    </ClCompile>
    <ClCompile Include="src\physics\body.cpp">
      <Filter>Source Files\Core</Filter>
    </ClCompile>
    <ClCompile Include="src\physics\detector.cpp">
      <Filter>Source Files\Core</Filter>
    </ClCompile>
    <ClCompile Include="src\main.cpp">
      <Filter>Source Files</Filter>
    </ClCompile>
    <ClCompile Include="src\physics\objectManager.cpp">
      <Filter>Source Files\Core</Filter>
    </ClCompile>
    <ClCompile Include="src\collisionSimulator\collisionSimulator.cpp">
      <Filter>Source Files\Simulator</Filter>
    </ClCompile>
    <ClCompile Include="src\collisionSimulator\object.cpp">
      <Filter>Source Files\Simulator</Filter>
    </ClCompile>
  </ItemGroup>
</Project>